
Microsoft Visual Studio Solution File, Format Version 12.00
Project("{FAE04EC0-301F-11D3-BF4B-00C04F79EFBC}") = "UserInterface", "UserInterface\UserInterface.csproj", "{2576AB8B-FDDF-4D43-BA34-9F0E2DEA644C}"
EndProject
Project("{FAE04EC0-301F-11D3-BF4B-00C04F79EFBC}") = "Domain", "Domain\Domain.csproj", "{9245337B-78B9-4F09-A930-8A2A25C9EF91}"
EndProject
Project("{FAE04EC0-301F-11D3-BF4B-00C04F79EFBC}") = "Infrastructure", "Infrastructure\Infrastructure.csproj", "{7DBD58CD-FB06-493F-AD56-4ABFD7878DA5}"
EndProject
Global
	GlobalSection(SolutionConfigurationPlatforms) = preSolution
		Debug|Any CPU = Debug|Any CPU
		Release|Any CPU = Release|Any CPU
	EndGlobalSection
	GlobalSection(ProjectConfigurationPlatforms) = postSolution
		{2576AB8B-FDDF-4D43-BA34-9F0E2DEA644C}.Debug|Any CPU.ActiveCfg = Debug|Any CPU
		{2576AB8B-FDDF-4D43-BA34-9F0E2DEA644C}.Debug|Any CPU.Build.0 = Debug|Any CPU
		{2576AB8B-FDDF-4D43-BA34-9F0E2DEA644C}.Release|Any CPU.ActiveCfg = Release|Any CPU
		{2576AB8B-FDDF-4D43-BA34-9F0E2DEA644C}.Release|Any CPU.Build.0 = Release|Any CPU
		{9245337B-78B9-4F09-A930-8A2A25C9EF91}.Debug|Any CPU.ActiveCfg = Debug|Any CPU
		{9245337B-78B9-4F09-A930-8A2A25C9EF91}.Debug|Any CPU.Build.0 = Debug|Any CPU
		{9245337B-78B9-4F09-A930-8A2A25C9EF91}.Release|Any CPU.ActiveCfg = Release|Any CPU
		{9245337B-78B9-4F09-A930-8A2A25C9EF91}.Release|Any CPU.Build.0 = Release|Any CPU
		{7DBD58CD-FB06-493F-AD56-4ABFD7878DA5}.Debug|Any CPU.ActiveCfg = Debug|Any CPU
		{7DBD58CD-FB06-493F-AD56-4ABFD7878DA5}.Debug|Any CPU.Build.0 = Debug|Any CPU
		{7DBD58CD-FB06-493F-AD56-4ABFD7878DA5}.Release|Any CPU.ActiveCfg = Release|Any CPU
		{7DBD58CD-FB06-493F-AD56-4ABFD7878DA5}.Release|Any CPU.Build.0 = Release|Any CPU
	EndGlobalSection
EndGlobal
